// !$*UTF8*$!
{
	archiveVersion = 1;
	classes = {
	};
	objectVersion = 50;
	objects = {

/* Begin PBXBuildFile section */
		B723EBA325B9B7400057DB36 /* AppDelegate.swift in Sources */ = {isa = PBXBuildFile; fileRef = B723EBA225B9B7400057DB36 /* AppDelegate.swift */; };
		B723EBA525B9B7400057DB36 /* SceneDelegate.swift in Sources */ = {isa = PBXBuildFile; fileRef = B723EBA425B9B7400057DB36 /* SceneDelegate.swift */; };
		B723EBAA25B9B7400057DB36 /* Main.storyboard in Resources */ = {isa = PBXBuildFile; fileRef = B723EBA825B9B7400057DB36 /* Main.storyboard */; };
		B723EBAC25B9B74D0057DB36 /* Assets.xcassets in Resources */ = {isa = PBXBuildFile; fileRef = B723EBAB25B9B74D0057DB36 /* Assets.xcassets */; };
		B723EBAF25B9B74D0057DB36 /* LaunchScreen.storyboard in Resources */ = {isa = PBXBuildFile; fileRef = B723EBAD25B9B74D0057DB36 /* LaunchScreen.storyboard */; };
		B723EBCE25BAAA140057DB36 /* CurrencyListTableViewCell.swift in Sources */ = {isa = PBXBuildFile; fileRef = B723EBC725BAAA140057DB36 /* CurrencyListTableViewCell.swift */; };
		B723EBCF25BAAA140057DB36 /* CurrencyListTableViewCell.xib in Resources */ = {isa = PBXBuildFile; fileRef = B723EBC825BAAA140057DB36 /* CurrencyListTableViewCell.xib */; };
		B723EBD025BAAA140057DB36 /* CurrencyListTableViewController.swift in Sources */ = {isa = PBXBuildFile; fileRef = B723EBC925BAAA140057DB36 /* CurrencyListTableViewController.swift */; };
		B723EBD125BAAA140057DB36 /* CurrencyListModelView.swift in Sources */ = {isa = PBXBuildFile; fileRef = B723EBCB25BAAA140057DB36 /* CurrencyListModelView.swift */; };
		B723EBD225BAAA140057DB36 /* CurrencyModel.swift in Sources */ = {isa = PBXBuildFile; fileRef = B723EBCD25BAAA140057DB36 /* CurrencyModel.swift */; };
		B765616125C710DD0006E4FA /* PersistentStorage.swift in Sources */ = {isa = PBXBuildFile; fileRef = B765616025C710DD0006E4FA /* PersistentStorage.swift */; };
		B792790C25C4B12A00E3C129 /* JSONFetcher.swift in Sources */ = {isa = PBXBuildFile; fileRef = B792790B25C4B12A00E3C129 /* JSONFetcher.swift */; };
		B792791025C4B6DA00E3C129 /* JSONProcessor.swift in Sources */ = {isa = PBXBuildFile; fileRef = B792790F25C4B6DA00E3C129 /* JSONProcessor.swift */; };
		B7ADE13E25C6098E00C82720 /* Localizable.strings in Resources */ = {isa = PBXBuildFile; fileRef = B7ADE14025C6098E00C82720 /* Localizable.strings */; };
		B7ADE14725C60A5200C82720 /* Localizable.strings in Resources */ = {isa = PBXBuildFile; fileRef = B7ADE14925C60A5200C82720 /* Localizable.strings */; };
		B7ADE14F25C6BAE100C82720 /* CurrencyDetailTableViewController.swift in Sources */ = {isa = PBXBuildFile; fileRef = B7ADE14E25C6BAE100C82720 /* CurrencyDetailTableViewController.swift */; };
		B7ADE15425C6BB5B00C82720 /* CurrencyDetailTableViewCell.xib in Resources */ = {isa = PBXBuildFile; fileRef = B7ADE15225C6BB5B00C82720 /* CurrencyDetailTableViewCell.xib */; };
		B7ADE15525C6BB5B00C82720 /* CurrencyDetailTableViewCell.swift in Sources */ = {isa = PBXBuildFile; fileRef = B7ADE15325C6BB5B00C82720 /* CurrencyDetailTableViewCell.swift */; };
		B7ADE15C25C6C00F00C82720 /* CurrencyDetailModelView.swift in Sources */ = {isa = PBXBuildFile; fileRef = B7ADE15B25C6C00F00C82720 /* CurrencyDetailModelView.swift */; };
/* End PBXBuildFile section */

/* Begin PBXFileReference section */
		B723EB9F25B9B7400057DB36 /* CurrencyListFetcher.app */ = {isa = PBXFileReference; explicitFileType = wrapper.application; includeInIndex = 0; path = CurrencyListFetcher.app; sourceTree = BUILT_PRODUCTS_DIR; };
		B723EBA225B9B7400057DB36 /* AppDelegate.swift */ = {isa = PBXFileReference; lastKnownFileType = sourcecode.swift; path = AppDelegate.swift; sourceTree = "<group>"; };
		B723EBA425B9B7400057DB36 /* SceneDelegate.swift */ = {isa = PBXFileReference; lastKnownFileType = sourcecode.swift; path = SceneDelegate.swift; sourceTree = "<group>"; };
		B723EBAB25B9B74D0057DB36 /* Assets.xcassets */ = {isa = PBXFileReference; lastKnownFileType = folder.assetcatalog; path = Assets.xcassets; sourceTree = "<group>"; };
		B723EBB025B9B74D0057DB36 /* Info.plist */ = {isa = PBXFileReference; lastKnownFileType = text.plist.xml; path = Info.plist; sourceTree = "<group>"; };
		B723EBC725BAAA140057DB36 /* CurrencyListTableViewCell.swift */ = {isa = PBXFileReference; fileEncoding = 4; lastKnownFileType = sourcecode.swift; path = CurrencyListTableViewCell.swift; sourceTree = "<group>"; };
		B723EBC825BAAA140057DB36 /* CurrencyListTableViewCell.xib */ = {isa = PBXFileReference; fileEncoding = 4; lastKnownFileType = file.xib; path = CurrencyListTableViewCell.xib; sourceTree = "<group>"; };
		B723EBC925BAAA140057DB36 /* CurrencyListTableViewController.swift */ = {isa = PBXFileReference; fileEncoding = 4; lastKnownFileType = sourcecode.swift; path = CurrencyListTableViewController.swift; sourceTree = "<group>"; };
		B723EBCB25BAAA140057DB36 /* CurrencyListModelView.swift */ = {isa = PBXFileReference; fileEncoding = 4; lastKnownFileType = sourcecode.swift; path = CurrencyListModelView.swift; sourceTree = "<group>"; };
		B723EBCD25BAAA140057DB36 /* CurrencyModel.swift */ = {isa = PBXFileReference; fileEncoding = 4; lastKnownFileType = sourcecode.swift; path = CurrencyModel.swift; sourceTree = "<group>"; };
		B765616025C710DD0006E4FA /* PersistentStorage.swift */ = {isa = PBXFileReference; lastKnownFileType = sourcecode.swift; path = PersistentStorage.swift; sourceTree = "<group>"; };
		B792790B25C4B12A00E3C129 /* JSONFetcher.swift */ = {isa = PBXFileReference; lastKnownFileType = sourcecode.swift; path = JSONFetcher.swift; sourceTree = "<group>"; };
		B792790F25C4B6DA00E3C129 /* JSONProcessor.swift */ = {isa = PBXFileReference; lastKnownFileType = sourcecode.swift; path = JSONProcessor.swift; sourceTree = "<group>"; };
		B7ADE13625C608BD00C82720 /* Base */ = {isa = PBXFileReference; lastKnownFileType = file.storyboard; name = Base; path = Base.lproj/Main.storyboard; sourceTree = "<group>"; };
		B7ADE13725C608BE00C82720 /* Base */ = {isa = PBXFileReference; lastKnownFileType = file.storyboard; name = Base; path = Base.lproj/LaunchScreen.storyboard; sourceTree = "<group>"; };
		B7ADE13F25C6098E00C82720 /* en */ = {isa = PBXFileReference; lastKnownFileType = text.plist.strings; name = en; path = en.lproj/Localizable.strings; sourceTree = "<group>"; };
		B7ADE14825C60A5200C82720 /* ru */ = {isa = PBXFileReference; lastKnownFileType = text.plist.strings; name = ru; path = ru.lproj/Localizable.strings; sourceTree = "<group>"; };
		B7ADE14E25C6BAE100C82720 /* CurrencyDetailTableViewController.swift */ = {isa = PBXFileReference; lastKnownFileType = sourcecode.swift; path = CurrencyDetailTableViewController.swift; sourceTree = "<group>"; };
		B7ADE15225C6BB5B00C82720 /* CurrencyDetailTableViewCell.xib */ = {isa = PBXFileReference; lastKnownFileType = file.xib; path = CurrencyDetailTableViewCell.xib; sourceTree = "<group>"; };
		B7ADE15325C6BB5B00C82720 /* CurrencyDetailTableViewCell.swift */ = {isa = PBXFileReference; lastKnownFileType = sourcecode.swift; path = CurrencyDetailTableViewCell.swift; sourceTree = "<group>"; };
		B7ADE15B25C6C00F00C82720 /* CurrencyDetailModelView.swift */ = {isa = PBXFileReference; fileEncoding = 4; lastKnownFileType = sourcecode.swift; path = CurrencyDetailModelView.swift; sourceTree = "<group>"; };
/* End PBXFileReference section */

/* Begin PBXFrameworksBuildPhase section */
		B723EB9C25B9B7400057DB36 /* Frameworks */ = {
			isa = PBXFrameworksBuildPhase;
			buildActionMask = 2147483647;
			files = (
			);
			runOnlyForDeploymentPostprocessing = 0;
		};
/* End PBXFrameworksBuildPhase section */

/* Begin PBXGroup section */
		B723EB9625B9B7400057DB36 = {
			isa = PBXGroup;
			children = (
				B723EBB025B9B74D0057DB36 /* Info.plist */,
				B773DA5A25C4309C009EEC4E /* UseCases */,
				B792790A25C4B0FF00E3C129 /* Services */,
				B723EBA125B9B7400057DB36 /* Other */,
				B723EBA025B9B7400057DB36 /* Products */,
			);
			sourceTree = "<group>";
		};
		B723EBA025B9B7400057DB36 /* Products */ = {
			isa = PBXGroup;
			children = (
				B723EB9F25B9B7400057DB36 /* CurrencyListFetcher.app */,
			);
			name = Products;
			sourceTree = "<group>";
		};
		B723EBA125B9B7400057DB36 /* Other */ = {
			isa = PBXGroup;
			children = (
				B723EBA225B9B7400057DB36 /* AppDelegate.swift */,
				B723EBA425B9B7400057DB36 /* SceneDelegate.swift */,
				B723EBA825B9B7400057DB36 /* Main.storyboard */,
				B723EBAB25B9B74D0057DB36 /* Assets.xcassets */,
				B723EBAD25B9B74D0057DB36 /* LaunchScreen.storyboard */,
				B7ADE14025C6098E00C82720 /* Localizable.strings */,
				B7ADE14925C60A5200C82720 /* Localizable.strings */,
			);
			path = Other;
			sourceTree = "<group>";
		};
		B723EBC425BAAA140057DB36 /* CurrencytList */ = {
			isa = PBXGroup;
			children = (
				B723EBC525BAAA140057DB36 /* View */,
				B723EBCA25BAAA140057DB36 /* ViewModel */,
				B723EBCC25BAAA140057DB36 /* Model */,
			);
			path = CurrencytList;
			sourceTree = "<group>";
		};
		B723EBC525BAAA140057DB36 /* View */ = {
			isa = PBXGroup;
			children = (
				B723EBC625BAAA140057DB36 /* CurrencyListCell */,
				B723EBC925BAAA140057DB36 /* CurrencyListTableViewController.swift */,
			);
			path = View;
			sourceTree = "<group>";
		};
		B723EBC625BAAA140057DB36 /* CurrencyListCell */ = {
			isa = PBXGroup;
			children = (
				B723EBC725BAAA140057DB36 /* CurrencyListTableViewCell.swift */,
				B723EBC825BAAA140057DB36 /* CurrencyListTableViewCell.xib */,
			);
			path = CurrencyListCell;
			sourceTree = "<group>";
		};
		B723EBCA25BAAA140057DB36 /* ViewModel */ = {
			isa = PBXGroup;
			children = (
				B723EBCB25BAAA140057DB36 /* CurrencyListModelView.swift */,
			);
			path = ViewModel;
			sourceTree = "<group>";
		};
		B723EBCC25BAAA140057DB36 /* Model */ = {
			isa = PBXGroup;
			children = (
				B723EBCD25BAAA140057DB36 /* CurrencyModel.swift */,
			);
			path = Model;
			sourceTree = "<group>";
		};
		B773DA5A25C4309C009EEC4E /* UseCases */ = {
			isa = PBXGroup;
			children = (
				B792790925C46DEB00E3C129 /* CurrencyDetail */,
				B723EBC425BAAA140057DB36 /* CurrencytList */,
			);
			path = UseCases;
			sourceTree = "<group>";
		};
		B792790925C46DEB00E3C129 /* CurrencyDetail */ = {
			isa = PBXGroup;
			children = (
				B7ADE15A25C6BF9A00C82720 /* ViewModel */,
				B7ADE15125C6BAF000C82720 /* View */,
			);
			path = CurrencyDetail;
			sourceTree = "<group>";
		};
		B792790A25C4B0FF00E3C129 /* Services */ = {
			isa = PBXGroup;
			children = (
				B792790B25C4B12A00E3C129 /* JSONFetcher.swift */,
				B792790F25C4B6DA00E3C129 /* JSONProcessor.swift */,
				B765616025C710DD0006E4FA /* PersistentStorage.swift */,
			);
			path = Services;
			sourceTree = "<group>";
		};
		B7ADE15125C6BAF000C82720 /* View */ = {
			isa = PBXGroup;
			children = (
				B7ADE14E25C6BAE100C82720 /* CurrencyDetailTableViewController.swift */,
				B7ADE15725C6BB7000C82720 /* CurrencyDetailCell */,
			);
			path = View;
			sourceTree = "<group>";
		};
		B7ADE15725C6BB7000C82720 /* CurrencyDetailCell */ = {
			isa = PBXGroup;
			children = (
				B7ADE15325C6BB5B00C82720 /* CurrencyDetailTableViewCell.swift */,
				B7ADE15225C6BB5B00C82720 /* CurrencyDetailTableViewCell.xib */,
			);
			path = CurrencyDetailCell;
			sourceTree = "<group>";
		};
		B7ADE15A25C6BF9A00C82720 /* ViewModel */ = {
			isa = PBXGroup;
			children = (
				B7ADE15B25C6C00F00C82720 /* CurrencyDetailModelView.swift */,
			);
			path = ViewModel;
			sourceTree = "<group>";
		};
/* End PBXGroup section */

/* Begin PBXNativeTarget section */
		B723EB9E25B9B7400057DB36 /* CurrencyListFetcher */ = {
			isa = PBXNativeTarget;
			buildConfigurationList = B723EBB325B9B74D0057DB36 /* Build configuration list for PBXNativeTarget "CurrencyListFetcher" */;
			buildPhases = (
				B723EB9B25B9B7400057DB36 /* Sources */,
				B723EB9C25B9B7400057DB36 /* Frameworks */,
				B723EB9D25B9B7400057DB36 /* Resources */,
			);
			buildRules = (
			);
			dependencies = (
			);
			name = CurrencyListFetcher;
			productName = ProductFetch;
			productReference = B723EB9F25B9B7400057DB36 /* CurrencyListFetcher.app */;
			productType = "com.apple.product-type.application";
		};
/* End PBXNativeTarget section */

/* Begin PBXProject section */
		B723EB9725B9B7400057DB36 /* Project object */ = {
			isa = PBXProject;
			attributes = {
				LastSwiftUpdateCheck = 1230;
				LastUpgradeCheck = 1230;
				TargetAttributes = {
					B723EB9E25B9B7400057DB36 = {
						CreatedOnToolsVersion = 12.3;
					};
				};
			};
			buildConfigurationList = B723EB9A25B9B7400057DB36 /* Build configuration list for PBXProject "CurrencyListFetcher" */;
			compatibilityVersion = "Xcode 9.3";
			developmentRegion = en;
			hasScannedForEncodings = 0;
			knownRegions = (
				en,
				Base,
				ru,
			);
			mainGroup = B723EB9625B9B7400057DB36;
			productRefGroup = B723EBA025B9B7400057DB36 /* Products */;
			projectDirPath = "";
			projectRoot = "";
			targets = (
				B723EB9E25B9B7400057DB36 /* CurrencyListFetcher */,
			);
		};
/* End PBXProject section */

/* Begin PBXResourcesBuildPhase section */
		B723EB9D25B9B7400057DB36 /* Resources */ = {
			isa = PBXResourcesBuildPhase;
			buildActionMask = 2147483647;
			files = (
				B7ADE13E25C6098E00C82720 /* Localizable.strings in Resources */,
				B723EBCF25BAAA140057DB36 /* CurrencyListTableViewCell.xib in Resources */,
				B7ADE15425C6BB5B00C82720 /* CurrencyDetailTableViewCell.xib in Resources */,
				B7ADE14725C60A5200C82720 /* Localizable.strings in Resources */,
				B723EBAF25B9B74D0057DB36 /* LaunchScreen.storyboard in Resources */,
				B723EBAC25B9B74D0057DB36 /* Assets.xcassets in Resources */,
				B723EBAA25B9B7400057DB36 /* Main.storyboard in Resources */,
			);
			runOnlyForDeploymentPostprocessing = 0;
		};
/* End PBXResourcesBuildPhase section */

/* Begin PBXSourcesBuildPhase section */
		B723EB9B25B9B7400057DB36 /* Sources */ = {
			isa = PBXSourcesBuildPhase;
			buildActionMask = 2147483647;
			files = (
				B765616125C710DD0006E4FA /* PersistentStorage.swift in Sources */,
				B792791025C4B6DA00E3C129 /* JSONProcessor.swift in Sources */,
				B723EBA325B9B7400057DB36 /* AppDelegate.swift in Sources */,
				B723EBA525B9B7400057DB36 /* SceneDelegate.swift in Sources */,
				B723EBD125BAAA140057DB36 /* CurrencyListModelView.swift in Sources */,
				B7ADE14F25C6BAE100C82720 /* CurrencyDetailTableViewController.swift in Sources */,
				B7ADE15525C6BB5B00C82720 /* CurrencyDetailTableViewCell.swift in Sources */,
				B723EBCE25BAAA140057DB36 /* CurrencyListTableViewCell.swift in Sources */,
				B723EBD025BAAA140057DB36 /* CurrencyListTableViewController.swift in Sources */,
				B723EBD225BAAA140057DB36 /* CurrencyModel.swift in Sources */,
				B7ADE15C25C6C00F00C82720 /* CurrencyDetailModelView.swift in Sources */,
				B792790C25C4B12A00E3C129 /* JSONFetcher.swift in Sources */,
			);
			runOnlyForDeploymentPostprocessing = 0;
		};
/* End PBXSourcesBuildPhase section */

/* Begin PBXVariantGroup section */
		B723EBA825B9B7400057DB36 /* Main.storyboard */ = {
			isa = PBXVariantGroup;
			children = (
				B7ADE13625C608BD00C82720 /* Base */,
			);
			name = Main.storyboard;
			sourceTree = "<group>";
		};
		B723EBAD25B9B74D0057DB36 /* LaunchScreen.storyboard */ = {
			isa = PBXVariantGroup;
			children = (
				B7ADE13725C608BE00C82720 /* Base */,
			);
			name = LaunchScreen.storyboard;
			sourceTree = "<group>";
		};
		B7ADE14025C6098E00C82720 /* Localizable.strings */ = {
			isa = PBXVariantGroup;
			children = (
				B7ADE13F25C6098E00C82720 /* en */,
			);
			name = Localizable.strings;
			sourceTree = "<group>";
		};
		B7ADE14925C60A5200C82720 /* Localizable.strings */ = {
			isa = PBXVariantGroup;
			children = (
				B7ADE14825C60A5200C82720 /* ru */,
			);
			name = Localizable.strings;
			sourceTree = "<group>";
		};
/* End PBXVariantGroup section */

/* Begin XCBuildConfiguration section */
		B723EBB125B9B74D0057DB36 /* Debug */ = {
			isa = XCBuildConfiguration;
			buildSettings = {
				ALWAYS_SEARCH_USER_PATHS = NO;
				CLANG_ANALYZER_LOCALIZABILITY_NONLOCALIZED = YES;
				CLANG_ANALYZER_NONNULL = YES;
				CLANG_ANALYZER_NUMBER_OBJECT_CONVERSION = YES_AGGRESSIVE;
				CLANG_CXX_LANGUAGE_STANDARD = "gnu++14";
				CLANG_CXX_LIBRARY = "libc++";
				CLANG_ENABLE_MODULES = YES;
				CLANG_ENABLE_OBJC_ARC = YES;
				CLANG_ENABLE_OBJC_WEAK = YES;
				CLANG_WARN_BLOCK_CAPTURE_AUTORELEASING = YES;
				CLANG_WARN_BOOL_CONVERSION = YES;
				CLANG_WARN_COMMA = YES;
				CLANG_WARN_CONSTANT_CONVERSION = YES;
				CLANG_WARN_DEPRECATED_OBJC_IMPLEMENTATIONS = YES;
				CLANG_WARN_DIRECT_OBJC_ISA_USAGE = YES_ERROR;
				CLANG_WARN_DOCUMENTATION_COMMENTS = YES;
				CLANG_WARN_EMPTY_BODY = YES;
				CLANG_WARN_ENUM_CONVERSION = YES;
				CLANG_WARN_INFINITE_RECURSION = YES;
				CLANG_WARN_INT_CONVERSION = YES;
				CLANG_WARN_NON_LITERAL_NULL_CONVERSION = YES;
				CLANG_WARN_OBJC_IMPLICIT_RETAIN_SELF = YES;
				CLANG_WARN_OBJC_LITERAL_CONVERSION = YES;
				CLANG_WARN_OBJC_ROOT_CLASS = YES_ERROR;
				CLANG_WARN_QUOTED_INCLUDE_IN_FRAMEWORK_HEADER = YES;
				CLANG_WARN_RANGE_LOOP_ANALYSIS = YES;
				CLANG_WARN_STRICT_PROTOTYPES = YES;
				CLANG_WARN_SUSPICIOUS_MOVE = YES;
				CLANG_WARN_UNGUARDED_AVAILABILITY = YES_AGGRESSIVE;
				CLANG_WARN_UNREACHABLE_CODE = YES;
				CLANG_WARN__DUPLICATE_METHOD_MATCH = YES;
				COPY_PHASE_STRIP = NO;
				DEBUG_INFORMATION_FORMAT = dwarf;
				ENABLE_STRICT_OBJC_MSGSEND = YES;
				ENABLE_TESTABILITY = YES;
				GCC_C_LANGUAGE_STANDARD = gnu11;
				GCC_DYNAMIC_NO_PIC = NO;
				GCC_NO_COMMON_BLOCKS = YES;
				GCC_OPTIMIZATION_LEVEL = 0;
				GCC_PREPROCESSOR_DEFINITIONS = (
					"DEBUG=1",
					"$(inherited)",
				);
				GCC_WARN_64_TO_32_BIT_CONVERSION = YES;
				GCC_WARN_ABOUT_RETURN_TYPE = YES_ERROR;
				GCC_WARN_UNDECLARED_SELECTOR = YES;
				GCC_WARN_UNINITIALIZED_AUTOS = YES_AGGRESSIVE;
				GCC_WARN_UNUSED_FUNCTION = YES;
				GCC_WARN_UNUSED_VARIABLE = YES;
				IPHONEOS_DEPLOYMENT_TARGET = 13.0;
				MTL_ENABLE_DEBUG_INFO = INCLUDE_SOURCE;
				MTL_FAST_MATH = YES;
				ONLY_ACTIVE_ARCH = YES;
				SDKROOT = iphoneos;
				SWIFT_ACTIVE_COMPILATION_CONDITIONS = DEBUG;
				SWIFT_OPTIMIZATION_LEVEL = "-Onone";
			};
			name = Debug;
		};
		B723EBB225B9B74D0057DB36 /* Release */ = {
			isa = XCBuildConfiguration;
			buildSettings = {
				ALWAYS_SEARCH_USER_PATHS = NO;
				CLANG_ANALYZER_LOCALIZABILITY_NONLOCALIZED = YES;
				CLANG_ANALYZER_NONNULL = YES;
				CLANG_ANALYZER_NUMBER_OBJECT_CONVERSION = YES_AGGRESSIVE;
				CLANG_CXX_LANGUAGE_STANDARD = "gnu++14";
				CLANG_CXX_LIBRARY = "libc++";
				CLANG_ENABLE_MODULES = YES;
				CLANG_ENABLE_OBJC_ARC = YES;
				CLANG_ENABLE_OBJC_WEAK = YES;
				CLANG_WARN_BLOCK_CAPTURE_AUTORELEASING = YES;
				CLANG_WARN_BOOL_CONVERSION = YES;
				CLANG_WARN_COMMA = YES;
				CLANG_WARN_CONSTANT_CONVERSION = YES;
				CLANG_WARN_DEPRECATED_OBJC_IMPLEMENTATIONS = YES;
				CLANG_WARN_DIRECT_OBJC_ISA_USAGE = YES_ERROR;
				CLANG_WARN_DOCUMENTATION_COMMENTS = YES;
				CLANG_WARN_EMPTY_BODY = YES;
				CLANG_WARN_ENUM_CONVERSION = YES;
				CLANG_WARN_INFINITE_RECURSION = YES;
				CLANG_WARN_INT_CONVERSION = YES;
				CLANG_WARN_NON_LITERAL_NULL_CONVERSION = YES;
				CLANG_WARN_OBJC_IMPLICIT_RETAIN_SELF = YES;
				CLANG_WARN_OBJC_LITERAL_CONVERSION = YES;
				CLANG_WARN_OBJC_ROOT_CLASS = YES_ERROR;
				CLANG_WARN_QUOTED_INCLUDE_IN_FRAMEWORK_HEADER = YES;
				CLANG_WARN_RANGE_LOOP_ANALYSIS = YES;
				CLANG_WARN_STRICT_PROTOTYPES = YES;
				CLANG_WARN_SUSPICIOUS_MOVE = YES;
				CLANG_WARN_UNGUARDED_AVAILABILITY = YES_AGGRESSIVE;
				CLANG_WARN_UNREACHABLE_CODE = YES;
				CLANG_WARN__DUPLICATE_METHOD_MATCH = YES;
				COPY_PHASE_STRIP = NO;
				DEBUG_INFORMATION_FORMAT = "dwarf-with-dsym";
				ENABLE_NS_ASSERTIONS = NO;
				ENABLE_STRICT_OBJC_MSGSEND = YES;
				GCC_C_LANGUAGE_STANDARD = gnu11;
				GCC_NO_COMMON_BLOCKS = YES;
				GCC_WARN_64_TO_32_BIT_CONVERSION = YES;
				GCC_WARN_ABOUT_RETURN_TYPE = YES_ERROR;
				GCC_WARN_UNDECLARED_SELECTOR = YES;
				GCC_WARN_UNINITIALIZED_AUTOS = YES_AGGRESSIVE;
				GCC_WARN_UNUSED_FUNCTION = YES;
				GCC_WARN_UNUSED_VARIABLE = YES;
				IPHONEOS_DEPLOYMENT_TARGET = 13.0;
				MTL_ENABLE_DEBUG_INFO = NO;
				MTL_FAST_MATH = YES;
				SDKROOT = iphoneos;
				SWIFT_COMPILATION_MODE = wholemodule;
				SWIFT_OPTIMIZATION_LEVEL = "-O";
				VALIDATE_PRODUCT = YES;
			};
			name = Release;
		};
		B723EBB425B9B74D0057DB36 /* Debug */ = {
			isa = XCBuildConfiguration;
			buildSettings = {
				ASSETCATALOG_COMPILER_APPICON_NAME = AppIcon;
				ASSETCATALOG_COMPILER_GLOBAL_ACCENT_COLOR_NAME = AccentColor;
				CODE_SIGN_STYLE = Automatic;
				CURRENT_PROJECT_VERSION = 1.0;
				DEVELOPMENT_TEAM = J6GX39U5E4;
				INFOPLIST_FILE = Info.plist;
				LD_RUNPATH_SEARCH_PATHS = (
					"$(inherited)",
					"@executable_path/Frameworks",
				);
				MARKETING_VERSION = 1.0;
				PRODUCT_BUNDLE_IDENTIFIER = com.vs.currencylist;
				PRODUCT_NAME = "$(TARGET_NAME)";
				SWIFT_VERSION = 5.0;
				TARGETED_DEVICE_FAMILY = 1;
			};
			name = Debug;
		};
		B723EBB525B9B74D0057DB36 /* Release */ = {
			isa = XCBuildConfiguration;
			buildSettings = {
				ASSETCATALOG_COMPILER_APPICON_NAME = AppIcon;
				ASSETCATALOG_COMPILER_GLOBAL_ACCENT_COLOR_NAME = AccentColor;
				CODE_SIGN_STYLE = Automatic;
				CURRENT_PROJECT_VERSION = 1.0;
				DEVELOPMENT_TEAM = J6GX39U5E4;
				INFOPLIST_FILE = Info.plist;
				LD_RUNPATH_SEARCH_PATHS = (
					"$(inherited)",
					"@executable_path/Frameworks",
				);
				MARKETING_VERSION = 1.0;
				PRODUCT_BUNDLE_IDENTIFIER = com.vs.currencylist;
				PRODUCT_NAME = "$(TARGET_NAME)";
				SWIFT_VERSION = 5.0;
				TARGETED_DEVICE_FAMILY = 1;
			};
			name = Release;
		};
/* End XCBuildConfiguration section */

/* Begin XCConfigurationList section */
		B723EB9A25B9B7400057DB36 /* Build configuration list for PBXProject "CurrencyListFetcher" */ = {
			isa = XCConfigurationList;
			buildConfigurations = (
				B723EBB125B9B74D0057DB36 /* Debug */,
				B723EBB225B9B74D0057DB36 /* Release */,
			);
			defaultConfigurationIsVisible = 0;
			defaultConfigurationName = Release;
		};
		B723EBB325B9B74D0057DB36 /* Build configuration list for PBXNativeTarget "CurrencyListFetcher" */ = {
			isa = XCConfigurationList;
			buildConfigurations = (
				B723EBB425B9B74D0057DB36 /* Debug */,
				B723EBB525B9B74D0057DB36 /* Release */,
			);
			defaultConfigurationIsVisible = 0;
			defaultConfigurationName = Release;
		};
/* End XCConfigurationList section */
	};
	rootObject = B723EB9725B9B7400057DB36 /* Project object */;
}
